
Microsoft Visual Studio Solution File, Format Version 12.00
# Visual Studio 2013
VisualStudioVersion = 12.0.21005.1
MinimumVisualStudioVersion = 10.0.40219.1
Project("{FAE04EC0-301F-11D3-BF4B-00C04F79EFBC}") = "HanHe.Web", "HanHe.Web\HanHe.Web.csproj", "{BE65A4B4-2AD2-4D20-8658-4B11D7DCC4BA}"
EndProject
Project("{FAE04EC0-301F-11D3-BF4B-00C04F79EFBC}") = "HanHe.Model", "HanHe.Model\HanHe.Model.csproj", "{403E5974-1E1B-4883-B27A-2CEC1D5E0CE4}"
EndProject
Project("{FAE04EC0-301F-11D3-BF4B-00C04F79EFBC}") = "HanHe.IDAL", "HanHe.IDAL\HanHe.IDAL.csproj", "{BBC6ACE0-2ADD-490C-88B7-AEA9919533BE}"
EndProject
Project("{FAE04EC0-301F-11D3-BF4B-00C04F79EFBC}") = "HanHe.DAL", "HanHe.DAL\HanHe.DAL.csproj", "{13BFD618-AA30-4005-A226-BFE791B1CD6C}"
EndProject
Project("{FAE04EC0-301F-11D3-BF4B-00C04F79EFBC}") = "HanHe.IBLL", "HanHe.IBLL\HanHe.IBLL.csproj", "{F9EA479B-05BA-43C7-ACA8-EABB75911A74}"
EndProject
Project("{FAE04EC0-301F-11D3-BF4B-00C04F79EFBC}") = "HanHe.BLL", "HanHe.BLL\HanHe.BLL.csproj", "{860456C4-875C-4470-B474-B9D093A11AFD}"
EndProject
Project("{FAE04EC0-301F-11D3-BF4B-00C04F79EFBC}") = "HanHe.Util", "HanHe.Util\HanHe.Util.csproj", "{1651EC00-00FD-4F04-8E57-AAEFF99A5FEF}"
EndProject
Project("{2150E333-8FDC-42A3-9474-1A3956D46DE8}") = "Repository", "Repository", "{C6E0D8AD-91C0-417C-A88C-78CD3FA499F0}"
EndProject
Project("{2150E333-8FDC-42A3-9474-1A3956D46DE8}") = "Service", "Service", "{1AD7279E-8309-40BD-B364-1DDD60D46B76}"
EndProject
Project("{2150E333-8FDC-42A3-9474-1A3956D46DE8}") = "Models", "Models", "{AE68DEC4-6014-4635-AA41-2811DFDEB748}"
EndProject
Project("{2150E333-8FDC-42A3-9474-1A3956D46DE8}") = "Util", "Util", "{B85D886C-C98F-4F6D-ADE5-3EACE8C0C77C}"
EndProject
Project("{2150E333-8FDC-42A3-9474-1A3956D46DE8}") = "UI", "UI", "{7EF9947F-B6EC-473B-9A1A-452CCB80FC91}"
EndProject
Project("{FAE04EC0-301F-11D3-BF4B-00C04F79EFBC}") = "HanHe.Manage", "HanHe.Manage\HanHe.Manage.csproj", "{3F545D42-EBDA-4D31-A6F2-9D372575B0C4}"
EndProject
Global
	GlobalSection(SolutionConfigurationPlatforms) = preSolution
		Debug|Any CPU = Debug|Any CPU
		Release|Any CPU = Release|Any CPU
	EndGlobalSection
	GlobalSection(ProjectConfigurationPlatforms) = postSolution
		{BE65A4B4-2AD2-4D20-8658-4B11D7DCC4BA}.Debug|Any CPU.ActiveCfg = Debug|Any CPU
		{BE65A4B4-2AD2-4D20-8658-4B11D7DCC4BA}.Debug|Any CPU.Build.0 = Debug|Any CPU
		{BE65A4B4-2AD2-4D20-8658-4B11D7DCC4BA}.Release|Any CPU.ActiveCfg = Release|Any CPU
		{BE65A4B4-2AD2-4D20-8658-4B11D7DCC4BA}.Release|Any CPU.Build.0 = Release|Any CPU
		{403E5974-1E1B-4883-B27A-2CEC1D5E0CE4}.Debug|Any CPU.ActiveCfg = Debug|Any CPU
		{403E5974-1E1B-4883-B27A-2CEC1D5E0CE4}.Debug|Any CPU.Build.0 = Debug|Any CPU
		{403E5974-1E1B-4883-B27A-2CEC1D5E0CE4}.Release|Any CPU.ActiveCfg = Release|Any CPU
		{403E5974-1E1B-4883-B27A-2CEC1D5E0CE4}.Release|Any CPU.Build.0 = Release|Any CPU
		{BBC6ACE0-2ADD-490C-88B7-AEA9919533BE}.Debug|Any CPU.ActiveCfg = Debug|Any CPU
		{BBC6ACE0-2ADD-490C-88B7-AEA9919533BE}.Debug|Any CPU.Build.0 = Debug|Any CPU
		{BBC6ACE0-2ADD-490C-88B7-AEA9919533BE}.Release|Any CPU.ActiveCfg = Release|Any CPU
		{BBC6ACE0-2ADD-490C-88B7-AEA9919533BE}.Release|Any CPU.Build.0 = Release|Any CPU
		{13BFD618-AA30-4005-A226-BFE791B1CD6C}.Debug|Any CPU.ActiveCfg = Debug|Any CPU
		{13BFD618-AA30-4005-A226-BFE791B1CD6C}.Debug|Any CPU.Build.0 = Debug|Any CPU
		{13BFD618-AA30-4005-A226-BFE791B1CD6C}.Release|Any CPU.ActiveCfg = Release|Any CPU
		{13BFD618-AA30-4005-A226-BFE791B1CD6C}.Release|Any CPU.Build.0 = Release|Any CPU
		{F9EA479B-05BA-43C7-ACA8-EABB75911A74}.Debug|Any CPU.ActiveCfg = Debug|Any CPU
		{F9EA479B-05BA-43C7-ACA8-EABB75911A74}.Debug|Any CPU.Build.0 = Debug|Any CPU
		{F9EA479B-05BA-43C7-ACA8-EABB75911A74}.Release|Any CPU.ActiveCfg = Release|Any CPU
		{F9EA479B-05BA-43C7-ACA8-EABB75911A74}.Release|Any CPU.Build.0 = Release|Any CPU
		{860456C4-875C-4470-B474-B9D093A11AFD}.Debug|Any CPU.ActiveCfg = Debug|Any CPU
		{860456C4-875C-4470-B474-B9D093A11AFD}.Debug|Any CPU.Build.0 = Debug|Any CPU
		{860456C4-875C-4470-B474-B9D093A11AFD}.Release|Any CPU.ActiveCfg = Release|Any CPU
		{860456C4-875C-4470-B474-B9D093A11AFD}.Release|Any CPU.Build.0 = Release|Any CPU
		{1651EC00-00FD-4F04-8E57-AAEFF99A5FEF}.Debug|Any CPU.ActiveCfg = Debug|Any CPU
		{1651EC00-00FD-4F04-8E57-AAEFF99A5FEF}.Debug|Any CPU.Build.0 = Debug|Any CPU
		{1651EC00-00FD-4F04-8E57-AAEFF99A5FEF}.Release|Any CPU.ActiveCfg = Release|Any CPU
		{1651EC00-00FD-4F04-8E57-AAEFF99A5FEF}.Release|Any CPU.Build.0 = Release|Any CPU
		{3F545D42-EBDA-4D31-A6F2-9D372575B0C4}.Debug|Any CPU.ActiveCfg = Debug|Any CPU
		{3F545D42-EBDA-4D31-A6F2-9D372575B0C4}.Debug|Any CPU.Build.0 = Debug|Any CPU
		{3F545D42-EBDA-4D31-A6F2-9D372575B0C4}.Release|Any CPU.ActiveCfg = Release|Any CPU
		{3F545D42-EBDA-4D31-A6F2-9D372575B0C4}.Release|Any CPU.Build.0 = Release|Any CPU
	EndGlobalSection
	GlobalSection(SolutionProperties) = preSolution
		HideSolutionNode = FALSE
	EndGlobalSection
	GlobalSection(NestedProjects) = preSolution
		{BE65A4B4-2AD2-4D20-8658-4B11D7DCC4BA} = {7EF9947F-B6EC-473B-9A1A-452CCB80FC91}
		{3F545D42-EBDA-4D31-A6F2-9D372575B0C4} = {7EF9947F-B6EC-473B-9A1A-452CCB80FC91}
		{403E5974-1E1B-4883-B27A-2CEC1D5E0CE4} = {AE68DEC4-6014-4635-AA41-2811DFDEB748}
		{13BFD618-AA30-4005-A226-BFE791B1CD6C} = {C6E0D8AD-91C0-417C-A88C-78CD3FA499F0}
		{BBC6ACE0-2ADD-490C-88B7-AEA9919533BE} = {C6E0D8AD-91C0-417C-A88C-78CD3FA499F0}
		{860456C4-875C-4470-B474-B9D093A11AFD} = {1AD7279E-8309-40BD-B364-1DDD60D46B76}
		{F9EA479B-05BA-43C7-ACA8-EABB75911A74} = {1AD7279E-8309-40BD-B364-1DDD60D46B76}
		{1651EC00-00FD-4F04-8E57-AAEFF99A5FEF} = {B85D886C-C98F-4F6D-ADE5-3EACE8C0C77C}
	EndGlobalSection
EndGlobal
